{
  "name": "coursera-js-HW",
  "lockfileVersion": 3,
  "requires": true,
  "packages": {
    "": {
      "name": "coursera-js-HW",
      "dependencies": {
        "nodeplotlib": "^0.7.7"
      }
    },
    "node_modules/@types/d3": {
      "version": "3.5.53",
      "resolved": "https://registry.npmjs.org/@types/d3/-/d3-3.5.53.tgz",
      "integrity": "sha512-8yKQA9cAS6+wGsJpBysmnhlaaxlN42Qizqkw+h2nILSlS+MAG2z4JdO6p+PJrJ+ACvimkmLJL281h157e52psQ==",
      "license": "MIT"
    },
    "node_modules/@types/plotly.js": {
      "version": "1.54.22",
      "resolved": "https://registry.npmjs.org/@types/plotly.js/-/plotly.js-1.54.22.tgz",
      "integrity": "sha512-/xL9++eA7VnIIZqNQOw6sZ7DtEmfoHj5rAD2CjU2LCOqem/BxTA1KlpdUWEHOiou6za4HKnM+Nvho3jTBPYJ/w==",
      "license": "MIT",
      "dependencies": {
        "@types/d3": "^3"
      }
    },
    "node_modules/nodeplotlib": {
      "version": "0.7.7",
      "resolved": "https://registry.npmjs.org/nodeplotlib/-/nodeplotlib-0.7.7.tgz",
      "integrity": "sha512-xlFwSzgA96eaYwG6NuB8O6B0nWNaLOWSCwFmrfS7kfyWZyMNOhgp+2gbCfsEcAqU4BHJnP8zZjn2KpT473Eh4A==",
      "license": "MIT",
      "dependencies": {
        "@types/plotly.js": "^1.54.16"
      }
    }
  }
}
